{
  "originHash" : "4a002e5ec4ee88f35bc2a97ff5d86835299662767b8e3b3524d851c5e31b8bad",
  "pins" : [
    {
      "identity" : "getbored-core",
      "kind" : "remoteSourceControl",
      "location" : "https://github.com/tushru2004/getbored-core",
      "state" : {
        "revision" : "b88967f9ba1ecc630bb448342eef4917d07964dc",
        "version" : "0.1.2"
      }
    }
  ],
  "version" : 3
}
